
Microsoft Visual Studio Solution File, Format Version 12.00
# Visual Studio Version 17
VisualStudioVersion = 17.7.34221.43
MinimumVisualStudioVersion = 10.0.40219.1
Project("{8BC9CEB8-8B4A-11D0-8D11-00A0C91BC942}") = "ControlStructures", "ControlStructures\ControlStructures.vcxproj", "{10E0E0E9-9A7D-4F2B-ACC6-244392AA3432}"
EndProject
Project("{8BC9CEB8-8B4A-11D0-8D11-00A0C91BC942}") = "Calc", "Calc\Calc.vcxproj", "{B6D23158-941D-4A80-9F88-83EC8287FD89}"
EndProject
Project("{8BC9CEB8-8B4A-11D0-8D11-00A0C91BC942}") = "Loops", "Loops\Loops.vcxproj", "{7886F8AD-1F93-45CA-AC4C-0C6840D422B3}"
EndProject
Project("{8BC9CEB8-8B4A-11D0-8D11-00A0C91BC942}") = "Polindrome", "Polindrome\Polindrome.vcxproj", "{61F53B3D-2B74-4BF7-857B-72CFF7272C2A}"
EndProject
Project("{8BC9CEB8-8B4A-11D0-8D11-00A0C91BC942}") = "Ticket", "Ticket\Ticket.vcxproj", "{033EDFBC-B194-4FA1-9504-825F1D0C4BCC}"
EndProject
Project("{8BC9CEB8-8B4A-11D0-8D11-00A0C91BC942}") = "Shooter", "Shooter\Shooter.vcxproj", "{1D66DF4C-D1F8-401E-81E9-9F04EF663018}"
EndProject
Project("{8BC9CEB8-8B4A-11D0-8D11-00A0C91BC942}") = "Factorial", "Factorial\Factorial.vcxproj", "{F0317196-5A2F-40A7-99A5-9D0649415CB1}"
EndProject
Project("{8BC9CEB8-8B4A-11D0-8D11-00A0C91BC942}") = "FOR", "FOR\FOR.vcxproj", "{7741DF4A-D03E-45AD-9CB8-A3194E00D38B}"
EndProject
Project("{8BC9CEB8-8B4A-11D0-8D11-00A0C91BC942}") = "Loops_2", "Loops_2\Loops_2.vcxproj", "{40BE406E-C8E9-46FC-A617-F086E3F7858E}"
EndProject
Project("{8BC9CEB8-8B4A-11D0-8D11-00A0C91BC942}") = "Geometry", "Geometry\Geometry.vcxproj", "{6E044037-3C43-4F97-BF41-5E6B7CFF5231}"
EndProject
Project("{8BC9CEB8-8B4A-11D0-8D11-00A0C91BC942}") = "Chess", "Chess\Chess.vcxproj", "{8DAFAD0A-9703-4318-BEBB-1799891F2EE2}"
EndProject
Project("{8BC9CEB8-8B4A-11D0-8D11-00A0C91BC942}") = "Chess2", "Chess2\Chess2.vcxproj", "{74235CB4-7AF7-470A-80D3-E8B30A1B6820}"
EndProject
Project("{8BC9CEB8-8B4A-11D0-8D11-00A0C91BC942}") = "PascalTriangle", "PascalTriangle\PascalTriangle.vcxproj", "{D8436352-DB3C-4844-9A44-67060A31F785}"
EndProject
Project("{8BC9CEB8-8B4A-11D0-8D11-00A0C91BC942}") = "BitwizeOperations", "BitwizeOperations\BitwizeOperations.vcxproj", "{4C0A95A3-4CF4-4C4E-98C5-89DA7194FA8A}"
EndProject
Global
	GlobalSection(SolutionConfigurationPlatforms) = preSolution
		Debug|x64 = Debug|x64
		Debug|x86 = Debug|x86
		Release|x64 = Release|x64
		Release|x86 = Release|x86
	EndGlobalSection
	GlobalSection(ProjectConfigurationPlatforms) = postSolution
		{10E0E0E9-9A7D-4F2B-ACC6-244392AA3432}.Debug|x64.ActiveCfg = Debug|x64
		{10E0E0E9-9A7D-4F2B-ACC6-244392AA3432}.Debug|x64.Build.0 = Debug|x64
		{10E0E0E9-9A7D-4F2B-ACC6-244392AA3432}.Debug|x86.ActiveCfg = Debug|Win32
		{10E0E0E9-9A7D-4F2B-ACC6-244392AA3432}.Debug|x86.Build.0 = Debug|Win32
		{10E0E0E9-9A7D-4F2B-ACC6-244392AA3432}.Release|x64.ActiveCfg = Release|x64
		{10E0E0E9-9A7D-4F2B-ACC6-244392AA3432}.Release|x64.Build.0 = Release|x64
		{10E0E0E9-9A7D-4F2B-ACC6-244392AA3432}.Release|x86.ActiveCfg = Release|Win32
		{10E0E0E9-9A7D-4F2B-ACC6-244392AA3432}.Release|x86.Build.0 = Release|Win32
		{B6D23158-941D-4A80-9F88-83EC8287FD89}.Debug|x64.ActiveCfg = Debug|x64
		{B6D23158-941D-4A80-9F88-83EC8287FD89}.Debug|x64.Build.0 = Debug|x64
		{B6D23158-941D-4A80-9F88-83EC8287FD89}.Debug|x86.ActiveCfg = Debug|Win32
		{B6D23158-941D-4A80-9F88-83EC8287FD89}.Debug|x86.Build.0 = Debug|Win32
		{B6D23158-941D-4A80-9F88-83EC8287FD89}.Release|x64.ActiveCfg = Release|x64
		{B6D23158-941D-4A80-9F88-83EC8287FD89}.Release|x64.Build.0 = Release|x64
		{B6D23158-941D-4A80-9F88-83EC8287FD89}.Release|x86.ActiveCfg = Release|Win32
		{B6D23158-941D-4A80-9F88-83EC8287FD89}.Release|x86.Build.0 = Release|Win32
		{7886F8AD-1F93-45CA-AC4C-0C6840D422B3}.Debug|x64.ActiveCfg = Debug|x64
		{7886F8AD-1F93-45CA-AC4C-0C6840D422B3}.Debug|x64.Build.0 = Debug|x64
		{7886F8AD-1F93-45CA-AC4C-0C6840D422B3}.Debug|x86.ActiveCfg = Debug|Win32
		{7886F8AD-1F93-45CA-AC4C-0C6840D422B3}.Debug|x86.Build.0 = Debug|Win32
		{7886F8AD-1F93-45CA-AC4C-0C6840D422B3}.Release|x64.ActiveCfg = Release|x64
		{7886F8AD-1F93-45CA-AC4C-0C6840D422B3}.Release|x64.Build.0 = Release|x64
		{7886F8AD-1F93-45CA-AC4C-0C6840D422B3}.Release|x86.ActiveCfg = Release|Win32
		{7886F8AD-1F93-45CA-AC4C-0C6840D422B3}.Release|x86.Build.0 = Release|Win32
		{61F53B3D-2B74-4BF7-857B-72CFF7272C2A}.Debug|x64.ActiveCfg = Debug|x64
		{61F53B3D-2B74-4BF7-857B-72CFF7272C2A}.Debug|x64.Build.0 = Debug|x64
		{61F53B3D-2B74-4BF7-857B-72CFF7272C2A}.Debug|x86.ActiveCfg = Debug|Win32
		{61F53B3D-2B74-4BF7-857B-72CFF7272C2A}.Debug|x86.Build.0 = Debug|Win32
		{61F53B3D-2B74-4BF7-857B-72CFF7272C2A}.Release|x64.ActiveCfg = Release|x64
		{61F53B3D-2B74-4BF7-857B-72CFF7272C2A}.Release|x64.Build.0 = Release|x64
		{61F53B3D-2B74-4BF7-857B-72CFF7272C2A}.Release|x86.ActiveCfg = Release|Win32
		{61F53B3D-2B74-4BF7-857B-72CFF7272C2A}.Release|x86.Build.0 = Release|Win32
		{033EDFBC-B194-4FA1-9504-825F1D0C4BCC}.Debug|x64.ActiveCfg = Debug|x64
		{033EDFBC-B194-4FA1-9504-825F1D0C4BCC}.Debug|x64.Build.0 = Debug|x64
		{033EDFBC-B194-4FA1-9504-825F1D0C4BCC}.Debug|x86.ActiveCfg = Debug|Win32
		{033EDFBC-B194-4FA1-9504-825F1D0C4BCC}.Debug|x86.Build.0 = Debug|Win32
		{033EDFBC-B194-4FA1-9504-825F1D0C4BCC}.Release|x64.ActiveCfg = Release|x64
		{033EDFBC-B194-4FA1-9504-825F1D0C4BCC}.Release|x64.Build.0 = Release|x64
		{033EDFBC-B194-4FA1-9504-825F1D0C4BCC}.Release|x86.ActiveCfg = Release|Win32
		{033EDFBC-B194-4FA1-9504-825F1D0C4BCC}.Release|x86.Build.0 = Release|Win32
		{1D66DF4C-D1F8-401E-81E9-9F04EF663018}.Debug|x64.ActiveCfg = Debug|x64
		{1D66DF4C-D1F8-401E-81E9-9F04EF663018}.Debug|x64.Build.0 = Debug|x64
		{1D66DF4C-D1F8-401E-81E9-9F04EF663018}.Debug|x86.ActiveCfg = Debug|Win32
		{1D66DF4C-D1F8-401E-81E9-9F04EF663018}.Debug|x86.Build.0 = Debug|Win32
		{1D66DF4C-D1F8-401E-81E9-9F04EF663018}.Release|x64.ActiveCfg = Release|x64
		{1D66DF4C-D1F8-401E-81E9-9F04EF663018}.Release|x64.Build.0 = Release|x64
		{1D66DF4C-D1F8-401E-81E9-9F04EF663018}.Release|x86.ActiveCfg = Release|Win32
		{1D66DF4C-D1F8-401E-81E9-9F04EF663018}.Release|x86.Build.0 = Release|Win32
		{F0317196-5A2F-40A7-99A5-9D0649415CB1}.Debug|x64.ActiveCfg = Debug|x64
		{F0317196-5A2F-40A7-99A5-9D0649415CB1}.Debug|x64.Build.0 = Debug|x64
		{F0317196-5A2F-40A7-99A5-9D0649415CB1}.Debug|x86.ActiveCfg = Debug|Win32
		{F0317196-5A2F-40A7-99A5-9D0649415CB1}.Debug|x86.Build.0 = Debug|Win32
		{F0317196-5A2F-40A7-99A5-9D0649415CB1}.Release|x64.ActiveCfg = Release|x64
		{F0317196-5A2F-40A7-99A5-9D0649415CB1}.Release|x64.Build.0 = Release|x64
		{F0317196-5A2F-40A7-99A5-9D0649415CB1}.Release|x86.ActiveCfg = Release|Win32
		{F0317196-5A2F-40A7-99A5-9D0649415CB1}.Release|x86.Build.0 = Release|Win32
		{7741DF4A-D03E-45AD-9CB8-A3194E00D38B}.Debug|x64.ActiveCfg = Debug|x64
		{7741DF4A-D03E-45AD-9CB8-A3194E00D38B}.Debug|x64.Build.0 = Debug|x64
		{7741DF4A-D03E-45AD-9CB8-A3194E00D38B}.Debug|x86.ActiveCfg = Debug|Win32
		{7741DF4A-D03E-45AD-9CB8-A3194E00D38B}.Debug|x86.Build.0 = Debug|Win32
		{7741DF4A-D03E-45AD-9CB8-A3194E00D38B}.Release|x64.ActiveCfg = Release|x64
		{7741DF4A-D03E-45AD-9CB8-A3194E00D38B}.Release|x64.Build.0 = Release|x64
		{7741DF4A-D03E-45AD-9CB8-A3194E00D38B}.Release|x86.ActiveCfg = Release|Win32
		{7741DF4A-D03E-45AD-9CB8-A3194E00D38B}.Release|x86.Build.0 = Release|Win32
		{40BE406E-C8E9-46FC-A617-F086E3F7858E}.Debug|x64.ActiveCfg = Debug|x64
		{40BE406E-C8E9-46FC-A617-F086E3F7858E}.Debug|x64.Build.0 = Debug|x64
		{40BE406E-C8E9-46FC-A617-F086E3F7858E}.Debug|x86.ActiveCfg = Debug|Win32
		{40BE406E-C8E9-46FC-A617-F086E3F7858E}.Debug|x86.Build.0 = Debug|Win32
		{40BE406E-C8E9-46FC-A617-F086E3F7858E}.Release|x64.ActiveCfg = Release|x64
		{40BE406E-C8E9-46FC-A617-F086E3F7858E}.Release|x64.Build.0 = Release|x64
		{40BE406E-C8E9-46FC-A617-F086E3F7858E}.Release|x86.ActiveCfg = Release|Win32
		{40BE406E-C8E9-46FC-A617-F086E3F7858E}.Release|x86.Build.0 = Release|Win32
		{6E044037-3C43-4F97-BF41-5E6B7CFF5231}.Debug|x64.ActiveCfg = Debug|x64
		{6E044037-3C43-4F97-BF41-5E6B7CFF5231}.Debug|x64.Build.0 = Debug|x64
		{6E044037-3C43-4F97-BF41-5E6B7CFF5231}.Debug|x86.ActiveCfg = Debug|Win32
		{6E044037-3C43-4F97-BF41-5E6B7CFF5231}.Debug|x86.Build.0 = Debug|Win32
		{6E044037-3C43-4F97-BF41-5E6B7CFF5231}.Release|x64.ActiveCfg = Release|x64
		{6E044037-3C43-4F97-BF41-5E6B7CFF5231}.Release|x64.Build.0 = Release|x64
		{6E044037-3C43-4F97-BF41-5E6B7CFF5231}.Release|x86.ActiveCfg = Release|Win32
		{6E044037-3C43-4F97-BF41-5E6B7CFF5231}.Release|x86.Build.0 = Release|Win32
		{8DAFAD0A-9703-4318-BEBB-1799891F2EE2}.Debug|x64.ActiveCfg = Debug|x64
		{8DAFAD0A-9703-4318-BEBB-1799891F2EE2}.Debug|x64.Build.0 = Debug|x64
		{8DAFAD0A-9703-4318-BEBB-1799891F2EE2}.Debug|x86.ActiveCfg = Debug|Win32
		{8DAFAD0A-9703-4318-BEBB-1799891F2EE2}.Debug|x86.Build.0 = Debug|Win32
		{8DAFAD0A-9703-4318-BEBB-1799891F2EE2}.Release|x64.ActiveCfg = Release|x64
		{8DAFAD0A-9703-4318-BEBB-1799891F2EE2}.Release|x64.Build.0 = Release|x64
		{8DAFAD0A-9703-4318-BEBB-1799891F2EE2}.Release|x86.ActiveCfg = Release|Win32
		{8DAFAD0A-9703-4318-BEBB-1799891F2EE2}.Release|x86.Build.0 = Release|Win32
		{74235CB4-7AF7-470A-80D3-E8B30A1B6820}.Debug|x64.ActiveCfg = Debug|x64
		{74235CB4-7AF7-470A-80D3-E8B30A1B6820}.Debug|x64.Build.0 = Debug|x64
		{74235CB4-7AF7-470A-80D3-E8B30A1B6820}.Debug|x86.ActiveCfg = Debug|Win32
		{74235CB4-7AF7-470A-80D3-E8B30A1B6820}.Debug|x86.Build.0 = Debug|Win32
		{74235CB4-7AF7-470A-80D3-E8B30A1B6820}.Release|x64.ActiveCfg = Release|x64
		{74235CB4-7AF7-470A-80D3-E8B30A1B6820}.Release|x64.Build.0 = Release|x64
		{74235CB4-7AF7-470A-80D3-E8B30A1B6820}.Release|x86.ActiveCfg = Release|Win32
		{74235CB4-7AF7-470A-80D3-E8B30A1B6820}.Release|x86.Build.0 = Release|Win32
		{D8436352-DB3C-4844-9A44-67060A31F785}.Debug|x64.ActiveCfg = Debug|x64
		{D8436352-DB3C-4844-9A44-67060A31F785}.Debug|x64.Build.0 = Debug|x64
		{D8436352-DB3C-4844-9A44-67060A31F785}.Debug|x86.ActiveCfg = Debug|Win32
		{D8436352-DB3C-4844-9A44-67060A31F785}.Debug|x86.Build.0 = Debug|Win32
		{D8436352-DB3C-4844-9A44-67060A31F785}.Release|x64.ActiveCfg = Release|x64
		{D8436352-DB3C-4844-9A44-67060A31F785}.Release|x64.Build.0 = Release|x64
		{D8436352-DB3C-4844-9A44-67060A31F785}.Release|x86.ActiveCfg = Release|Win32
		{D8436352-DB3C-4844-9A44-67060A31F785}.Release|x86.Build.0 = Release|Win32
		{4C0A95A3-4CF4-4C4E-98C5-89DA7194FA8A}.Debug|x64.ActiveCfg = Debug|x64
		{4C0A95A3-4CF4-4C4E-98C5-89DA7194FA8A}.Debug|x64.Build.0 = Debug|x64
		{4C0A95A3-4CF4-4C4E-98C5-89DA7194FA8A}.Debug|x86.ActiveCfg = Debug|Win32
		{4C0A95A3-4CF4-4C4E-98C5-89DA7194FA8A}.Debug|x86.Build.0 = Debug|Win32
		{4C0A95A3-4CF4-4C4E-98C5-89DA7194FA8A}.Release|x64.ActiveCfg = Release|x64
		{4C0A95A3-4CF4-4C4E-98C5-89DA7194FA8A}.Release|x64.Build.0 = Release|x64
		{4C0A95A3-4CF4-4C4E-98C5-89DA7194FA8A}.Release|x86.ActiveCfg = Release|Win32
		{4C0A95A3-4CF4-4C4E-98C5-89DA7194FA8A}.Release|x86.Build.0 = Release|Win32
	EndGlobalSection
	GlobalSection(SolutionProperties) = preSolution
		HideSolutionNode = FALSE
	EndGlobalSection
	GlobalSection(ExtensibilityGlobals) = postSolution
		SolutionGuid = {90E3CA6C-5C87-457F-B0E0-B3B5990DE472}
	EndGlobalSection
EndGlobal
